
Microsoft Visual Studio Solution File, Format Version 12.00
# Visual Studio Version 16
VisualStudioVersion = 16.0.35425.106
MinimumVisualStudioVersion = 10.0.40219.1
Project("{FAE04EC0-301F-11D3-BF4B-00C04F79EFBC}") = "MessageChains", "MessageChains.csproj", "{21252197-9259-43E4-B915-35CDCEFCBC62}"
EndProject
Global
	GlobalSection(SolutionConfigurationPlatforms) = preSolution
		Debug|Any CPU = Debug|Any CPU
		Release|Any CPU = Release|Any CPU
	EndGlobalSection
	GlobalSection(ProjectConfigurationPlatforms) = postSolution
		{21252197-9259-43E4-B915-35CDCEFCBC62}.Debug|Any CPU.ActiveCfg = Debug|Any CPU
		{21252197-9259-43E4-B915-35CDCEFCBC62}.Debug|Any CPU.Build.0 = Debug|Any CPU
		{21252197-9259-43E4-B915-35CDCEFCBC62}.Release|Any CPU.ActiveCfg = Release|Any CPU
		{21252197-9259-43E4-B915-35CDCEFCBC62}.Release|Any CPU.Build.0 = Release|Any CPU
	EndGlobalSection
	GlobalSection(SolutionProperties) = preSolution
		HideSolutionNode = FALSE
	EndGlobalSection
	GlobalSection(ExtensibilityGlobals) = postSolution
		SolutionGuid = {80BCF3A2-E116-47B4-85E3-F33B714182FF}
	EndGlobalSection
EndGlobal
